
Microsoft Visual Studio Solution File, Format Version 12.00
# Visual Studio Version 17
VisualStudioVersion = 17.7.34031.279
MinimumVisualStudioVersion = 10.0.40219.1
Project("{9A19103F-16F7-4668-BE54-9A1E7A4F7556}") = "BlazorEcommerce.Server", "BlazorEcommerce\Server\BlazorEcommerce.Server.csproj", "{0E6B458C-1C3E-4856-B096-CE222A3C85E2}"
EndProject
Project("{9A19103F-16F7-4668-BE54-9A1E7A4F7556}") = "BlazorEcommerce.Client", "BlazorEcommerce\Client\BlazorEcommerce.Client.csproj", "{0D8E40CA-CAE5-4CFD-9131-18DAE4ED6BFB}"
EndProject
Project("{9A19103F-16F7-4668-BE54-9A1E7A4F7556}") = "BlazorEcommerce.Shared", "BlazorEcommerce\Shared\BlazorEcommerce.Shared.csproj", "{721922E0-20FD-42C8-A4A8-56CD9853AD89}"
EndProject
Global
	GlobalSection(SolutionConfigurationPlatforms) = preSolution
		Debug|Any CPU = Debug|Any CPU
		Release|Any CPU = Release|Any CPU
	EndGlobalSection
	GlobalSection(ProjectConfigurationPlatforms) = postSolution
		{0E6B458C-1C3E-4856-B096-CE222A3C85E2}.Debug|Any CPU.ActiveCfg = Debug|Any CPU
		{0E6B458C-1C3E-4856-B096-CE222A3C85E2}.Debug|Any CPU.Build.0 = Debug|Any CPU
		{0E6B458C-1C3E-4856-B096-CE222A3C85E2}.Release|Any CPU.ActiveCfg = Release|Any CPU
		{0E6B458C-1C3E-4856-B096-CE222A3C85E2}.Release|Any CPU.Build.0 = Release|Any CPU
		{0D8E40CA-CAE5-4CFD-9131-18DAE4ED6BFB}.Debug|Any CPU.ActiveCfg = Debug|Any CPU
		{0D8E40CA-CAE5-4CFD-9131-18DAE4ED6BFB}.Debug|Any CPU.Build.0 = Debug|Any CPU
		{0D8E40CA-CAE5-4CFD-9131-18DAE4ED6BFB}.Release|Any CPU.ActiveCfg = Release|Any CPU
		{0D8E40CA-CAE5-4CFD-9131-18DAE4ED6BFB}.Release|Any CPU.Build.0 = Release|Any CPU
		{721922E0-20FD-42C8-A4A8-56CD9853AD89}.Debug|Any CPU.ActiveCfg = Debug|Any CPU
		{721922E0-20FD-42C8-A4A8-56CD9853AD89}.Debug|Any CPU.Build.0 = Debug|Any CPU
		{721922E0-20FD-42C8-A4A8-56CD9853AD89}.Release|Any CPU.ActiveCfg = Release|Any CPU
		{721922E0-20FD-42C8-A4A8-56CD9853AD89}.Release|Any CPU.Build.0 = Release|Any CPU
	EndGlobalSection
	GlobalSection(SolutionProperties) = preSolution
		HideSolutionNode = FALSE
	EndGlobalSection
	GlobalSection(ExtensibilityGlobals) = postSolution
		SolutionGuid = {D1E03E81-F3A1-4781-BF06-7D063E05CAF8}
	EndGlobalSection
EndGlobal
